
Microsoft Visual Studio Solution File, Format Version 12.00
# Visual Studio 15
VisualStudioVersion = 15.0.26124.0
MinimumVisualStudioVersion = 15.0.26124.0
Project("{FAE04EC0-301F-11D3-BF4B-00C04F79EFBC}") = "Eventual2PC", "Eventual2PC\Eventual2PC.csproj", "{FB832C09-5CB6-4A1D-A11D-F7E10D94E333}"
EndProject
Global
	GlobalSection(SolutionConfigurationPlatforms) = preSolution
		Debug|Any CPU = Debug|Any CPU
		Debug|x64 = Debug|x64
		Debug|x86 = Debug|x86
		Release|Any CPU = Release|Any CPU
		Release|x64 = Release|x64
		Release|x86 = Release|x86
	EndGlobalSection
	GlobalSection(SolutionProperties) = preSolution
		HideSolutionNode = FALSE
	EndGlobalSection
	GlobalSection(ProjectConfigurationPlatforms) = postSolution
		{FB832C09-5CB6-4A1D-A11D-F7E10D94E333}.Debug|Any CPU.ActiveCfg = Debug|Any CPU
		{FB832C09-5CB6-4A1D-A11D-F7E10D94E333}.Debug|Any CPU.Build.0 = Debug|Any CPU
		{FB832C09-5CB6-4A1D-A11D-F7E10D94E333}.Debug|x64.ActiveCfg = Debug|Any CPU
		{FB832C09-5CB6-4A1D-A11D-F7E10D94E333}.Debug|x64.Build.0 = Debug|Any CPU
		{FB832C09-5CB6-4A1D-A11D-F7E10D94E333}.Debug|x86.ActiveCfg = Debug|Any CPU
		{FB832C09-5CB6-4A1D-A11D-F7E10D94E333}.Debug|x86.Build.0 = Debug|Any CPU
		{FB832C09-5CB6-4A1D-A11D-F7E10D94E333}.Release|Any CPU.ActiveCfg = Release|Any CPU
		{FB832C09-5CB6-4A1D-A11D-F7E10D94E333}.Release|Any CPU.Build.0 = Release|Any CPU
		{FB832C09-5CB6-4A1D-A11D-F7E10D94E333}.Release|x64.ActiveCfg = Release|Any CPU
		{FB832C09-5CB6-4A1D-A11D-F7E10D94E333}.Release|x64.Build.0 = Release|Any CPU
		{FB832C09-5CB6-4A1D-A11D-F7E10D94E333}.Release|x86.ActiveCfg = Release|Any CPU
		{FB832C09-5CB6-4A1D-A11D-F7E10D94E333}.Release|x86.Build.0 = Release|Any CPU
	EndGlobalSection
EndGlobal
